// !$*UTF8*$!
{
	archiveVersion = 1;
	classes = {
	};
	objectVersion = 56;
	objects = {

/* Begin PBXBuildFile section */
		442D98F42B03827200A8CC5D /* PizzaPastaApp.swift in Sources */ = {isa = PBXBuildFile; fileRef = 442D98F32B03827200A8CC5D /* PizzaPastaApp.swift */; };
		442D98F82B03827300A8CC5D /* Assets.xcassets in Resources */ = {isa = PBXBuildFile; fileRef = 442D98F72B03827300A8CC5D /* Assets.xcassets */; };
		442D98FB2B03827300A8CC5D /* Preview Assets.xcassets in Resources */ = {isa = PBXBuildFile; fileRef = 442D98FA2B03827300A8CC5D /* Preview Assets.xcassets */; };
		442D99082B03859B00A8CC5D /* RegisterView.swift in Sources */ = {isa = PBXBuildFile; fileRef = 442D99072B03859B00A8CC5D /* RegisterView.swift */; };
		442D990A2B0385AB00A8CC5D /* LoginView.swift in Sources */ = {isa = PBXBuildFile; fileRef = 442D99092B0385AB00A8CC5D /* LoginView.swift */; };
		442D990C2B0385CB00A8CC5D /* AuthenticationViewModel.swift in Sources */ = {isa = PBXBuildFile; fileRef = 442D990B2B0385CB00A8CC5D /* AuthenticationViewModel.swift */; };
		442D990F2B03A34F00A8CC5D /* GoogleService-Info.plist in Resources */ = {isa = PBXBuildFile; fileRef = 442D990E2B03A34F00A8CC5D /* GoogleService-Info.plist */; };
		442D99122B03B31200A8CC5D /* FirebaseAnalytics in Frameworks */ = {isa = PBXBuildFile; productRef = 442D99112B03B31200A8CC5D /* FirebaseAnalytics */; };
		442D99142B03B31200A8CC5D /* FirebaseAnalyticsOnDeviceConversion in Frameworks */ = {isa = PBXBuildFile; productRef = 442D99132B03B31200A8CC5D /* FirebaseAnalyticsOnDeviceConversion */; };
		442D99162B03B31200A8CC5D /* FirebaseAnalyticsSwift in Frameworks */ = {isa = PBXBuildFile; productRef = 442D99152B03B31200A8CC5D /* FirebaseAnalyticsSwift */; };
		442D99182B03B31200A8CC5D /* FirebaseAnalyticsWithoutAdIdSupport in Frameworks */ = {isa = PBXBuildFile; productRef = 442D99172B03B31200A8CC5D /* FirebaseAnalyticsWithoutAdIdSupport */; };
		442D991A2B03B31200A8CC5D /* FirebaseAppCheck in Frameworks */ = {isa = PBXBuildFile; productRef = 442D99192B03B31200A8CC5D /* FirebaseAppCheck */; };
		442D991C2B03B68100A8CC5D /* FirebaseAnalytics in Frameworks */ = {isa = PBXBuildFile; productRef = 442D991B2B03B68100A8CC5D /* FirebaseAnalytics */; };
		442D991E2B03B68100A8CC5D /* FirebaseAnalyticsOnDeviceConversion in Frameworks */ = {isa = PBXBuildFile; productRef = 442D991D2B03B68100A8CC5D /* FirebaseAnalyticsOnDeviceConversion */; };
		442D99202B03B68100A8CC5D /* FirebaseAnalyticsSwift in Frameworks */ = {isa = PBXBuildFile; productRef = 442D991F2B03B68100A8CC5D /* FirebaseAnalyticsSwift */; };
		442D99222B03B68100A8CC5D /* FirebaseAnalyticsWithoutAdIdSupport in Frameworks */ = {isa = PBXBuildFile; productRef = 442D99212B03B68100A8CC5D /* FirebaseAnalyticsWithoutAdIdSupport */; };
		442D99242B03B68100A8CC5D /* FirebaseAppCheck in Frameworks */ = {isa = PBXBuildFile; productRef = 442D99232B03B68100A8CC5D /* FirebaseAppCheck */; };
		442D99262B03B68100A8CC5D /* FirebaseAppDistribution-Beta in Frameworks */ = {isa = PBXBuildFile; productRef = 442D99252B03B68100A8CC5D /* FirebaseAppDistribution-Beta */; };
		442D99282B03B68100A8CC5D /* FirebaseAuth in Frameworks */ = {isa = PBXBuildFile; productRef = 442D99272B03B68100A8CC5D /* FirebaseAuth */; };
		442D992A2B03B68100A8CC5D /* FirebaseAuthCombine-Community in Frameworks */ = {isa = PBXBuildFile; productRef = 442D99292B03B68100A8CC5D /* FirebaseAuthCombine-Community */; };
		442D992C2B03B68100A8CC5D /* FirebaseCrashlytics in Frameworks */ = {isa = PBXBuildFile; productRef = 442D992B2B03B68100A8CC5D /* FirebaseCrashlytics */; };
		442D992E2B03B68100A8CC5D /* FirebaseDatabase in Frameworks */ = {isa = PBXBuildFile; productRef = 442D992D2B03B68100A8CC5D /* FirebaseDatabase */; };
		442D99302B03B68100A8CC5D /* FirebaseDatabaseSwift in Frameworks */ = {isa = PBXBuildFile; productRef = 442D992F2B03B68100A8CC5D /* FirebaseDatabaseSwift */; };
		442D99322B03B68100A8CC5D /* FirebaseDynamicLinks in Frameworks */ = {isa = PBXBuildFile; productRef = 442D99312B03B68100A8CC5D /* FirebaseDynamicLinks */; };
		442D99342B03B68100A8CC5D /* FirebaseFirestore in Frameworks */ = {isa = PBXBuildFile; productRef = 442D99332B03B68100A8CC5D /* FirebaseFirestore */; };
		442D99362B03B68100A8CC5D /* FirebaseFirestoreCombine-Community in Frameworks */ = {isa = PBXBuildFile; productRef = 442D99352B03B68100A8CC5D /* FirebaseFirestoreCombine-Community */; };
		442D99382B03B68100A8CC5D /* FirebaseFirestoreSwift in Frameworks */ = {isa = PBXBuildFile; productRef = 442D99372B03B68100A8CC5D /* FirebaseFirestoreSwift */; };
		442D993A2B03B68100A8CC5D /* FirebaseFunctions in Frameworks */ = {isa = PBXBuildFile; productRef = 442D99392B03B68100A8CC5D /* FirebaseFunctions */; };
		442D993C2B03B68100A8CC5D /* FirebaseFunctionsCombine-Community in Frameworks */ = {isa = PBXBuildFile; productRef = 442D993B2B03B68100A8CC5D /* FirebaseFunctionsCombine-Community */; };
		442D993E2B03B68100A8CC5D /* FirebaseInAppMessaging-Beta in Frameworks */ = {isa = PBXBuildFile; productRef = 442D993D2B03B68100A8CC5D /* FirebaseInAppMessaging-Beta */; };
		442D99402B03B68100A8CC5D /* FirebaseInAppMessagingSwift-Beta in Frameworks */ = {isa = PBXBuildFile; productRef = 442D993F2B03B68100A8CC5D /* FirebaseInAppMessagingSwift-Beta */; };
		442D99422B03B68100A8CC5D /* FirebaseInstallations in Frameworks */ = {isa = PBXBuildFile; productRef = 442D99412B03B68100A8CC5D /* FirebaseInstallations */; };
		442D99442B03B68100A8CC5D /* FirebaseMLModelDownloader in Frameworks */ = {isa = PBXBuildFile; productRef = 442D99432B03B68100A8CC5D /* FirebaseMLModelDownloader */; };
		442D99462B03B68100A8CC5D /* FirebaseMessaging in Frameworks */ = {isa = PBXBuildFile; productRef = 442D99452B03B68100A8CC5D /* FirebaseMessaging */; };
		442D99482B03B68100A8CC5D /* FirebasePerformance in Frameworks */ = {isa = PBXBuildFile; productRef = 442D99472B03B68100A8CC5D /* FirebasePerformance */; };
		442D994A2B03B68100A8CC5D /* FirebaseRemoteConfig in Frameworks */ = {isa = PBXBuildFile; productRef = 442D99492B03B68100A8CC5D /* FirebaseRemoteConfig */; };
		442D994C2B03B68100A8CC5D /* FirebaseRemoteConfigSwift in Frameworks */ = {isa = PBXBuildFile; productRef = 442D994B2B03B68100A8CC5D /* FirebaseRemoteConfigSwift */; };
		442D994E2B03B68100A8CC5D /* FirebaseStorage in Frameworks */ = {isa = PBXBuildFile; productRef = 442D994D2B03B68100A8CC5D /* FirebaseStorage */; };
		442D99502B03B68100A8CC5D /* FirebaseStorageCombine-Community in Frameworks */ = {isa = PBXBuildFile; productRef = 442D994F2B03B68100A8CC5D /* FirebaseStorageCombine-Community */; };
		442D99542B03BAFE00A8CC5D /* FirestoreUser.swift in Sources */ = {isa = PBXBuildFile; fileRef = 442D99532B03BAFE00A8CC5D /* FirestoreUser.swift */; };
		442D99572B03BEA800A8CC5D /* FirestoreUserViewModel.swift in Sources */ = {isa = PBXBuildFile; fileRef = 442D99562B03BEA800A8CC5D /* FirestoreUserViewModel.swift */; };
		442D995A2B03C29A00A8CC5D /* FirebaseManager.swift in Sources */ = {isa = PBXBuildFile; fileRef = 442D99592B03C29A00A8CC5D /* FirebaseManager.swift */; };
		4433FC582B0E0AD400E2FEEB /* MenuButton.swift in Sources */ = {isa = PBXBuildFile; fileRef = 4433FC572B0E0AD400E2FEEB /* MenuButton.swift */; };
		443784E62B0CB287005BAA41 /* RecipeViewModel.swift in Sources */ = {isa = PBXBuildFile; fileRef = 443784E52B0CB287005BAA41 /* RecipeViewModel.swift */; };
		443784EC2B0CE183005BAA41 /* CategoryListViewModel.swift in Sources */ = {isa = PBXBuildFile; fileRef = 443784EB2B0CE183005BAA41 /* CategoryListViewModel.swift */; };
		443784EE2B0CEA0C005BAA41 /* RecipeDetailView.swift in Sources */ = {isa = PBXBuildFile; fileRef = 443784ED2B0CEA0C005BAA41 /* RecipeDetailView.swift */; };
		443784F22B0D0032005BAA41 /* RecipeForCategoryView.swift in Sources */ = {isa = PBXBuildFile; fileRef = 443784F12B0D0032005BAA41 /* RecipeForCategoryView.swift */; };
		443784F42B0D2F14005BAA41 /* PizzaSizeEnum.swift in Sources */ = {isa = PBXBuildFile; fileRef = 443784F32B0D2F14005BAA41 /* PizzaSizeEnum.swift */; };
		443784F62B0D2F27005BAA41 /* SaladSizeEnum.swift in Sources */ = {isa = PBXBuildFile; fileRef = 443784F52B0D2F27005BAA41 /* SaladSizeEnum.swift */; };
		443784F82B0D37C3005BAA41 /* SizeButtons.swift in Sources */ = {isa = PBXBuildFile; fileRef = 443784F72B0D37C3005BAA41 /* SizeButtons.swift */; };
		443E98822B07928E00B72EC6 /* CategoryButton.swift in Sources */ = {isa = PBXBuildFile; fileRef = 443E98812B07928E00B72EC6 /* CategoryButton.swift */; };
		443E98862B079AAB00B72EC6 /* AddRecipeSheet.swift in Sources */ = {isa = PBXBuildFile; fileRef = 443E98852B079AAB00B72EC6 /* AddRecipeSheet.swift */; };
		44C927272B0B8D4B00031B84 /* Recipe.swift in Sources */ = {isa = PBXBuildFile; fileRef = 44C927262B0B8D4B00031B84 /* Recipe.swift */; };
		44C927292B0B8FC600031B84 /* Step.swift in Sources */ = {isa = PBXBuildFile; fileRef = 44C927282B0B8FC600031B84 /* Step.swift */; };
		44E529A32B04C77300E7DAD2 /* UserRoleEnum.swift in Sources */ = {isa = PBXBuildFile; fileRef = 44E529A22B04C77300E7DAD2 /* UserRoleEnum.swift */; };
		44E529A52B04EE0B00E7DAD2 /* HomeView.swift in Sources */ = {isa = PBXBuildFile; fileRef = 44E529A42B04EE0B00E7DAD2 /* HomeView.swift */; };
		44E529A72B04EE4D00E7DAD2 /* HomeViewModel.swift in Sources */ = {isa = PBXBuildFile; fileRef = 44E529A62B04EE4D00E7DAD2 /* HomeViewModel.swift */; };
		44E529A92B05039400E7DAD2 /* MenuIconEnum.swift in Sources */ = {isa = PBXBuildFile; fileRef = 44E529A82B05039400E7DAD2 /* MenuIconEnum.swift */; };
		44E529AB2B05105800E7DAD2 /* FoodListView.swift in Sources */ = {isa = PBXBuildFile; fileRef = 44E529AA2B05105800E7DAD2 /* FoodListView.swift */; };
		44E529AD2B05120600E7DAD2 /* CustomButton.swift in Sources */ = {isa = PBXBuildFile; fileRef = 44E529AC2B05120600E7DAD2 /* CustomButton.swift */; };
/* End PBXBuildFile section */

/* Begin PBXFileReference section */
		442D98F02B03827200A8CC5D /* PizzaPasta.app */ = {isa = PBXFileReference; explicitFileType = wrapper.application; includeInIndex = 0; path = PizzaPasta.app; sourceTree = BUILT_PRODUCTS_DIR; };
		442D98F32B03827200A8CC5D /* PizzaPastaApp.swift */ = {isa = PBXFileReference; lastKnownFileType = sourcecode.swift; path = PizzaPastaApp.swift; sourceTree = "<group>"; };
		442D98F72B03827300A8CC5D /* Assets.xcassets */ = {isa = PBXFileReference; lastKnownFileType = folder.assetcatalog; path = Assets.xcassets; sourceTree = "<group>"; };
		442D98FA2B03827300A8CC5D /* Preview Assets.xcassets */ = {isa = PBXFileReference; lastKnownFileType = folder.assetcatalog; path = "Preview Assets.xcassets"; sourceTree = "<group>"; };
		442D99072B03859B00A8CC5D /* RegisterView.swift */ = {isa = PBXFileReference; lastKnownFileType = sourcecode.swift; path = RegisterView.swift; sourceTree = "<group>"; };
		442D99092B0385AB00A8CC5D /* LoginView.swift */ = {isa = PBXFileReference; lastKnownFileType = sourcecode.swift; path = LoginView.swift; sourceTree = "<group>"; };
		442D990B2B0385CB00A8CC5D /* AuthenticationViewModel.swift */ = {isa = PBXFileReference; lastKnownFileType = sourcecode.swift; path = AuthenticationViewModel.swift; sourceTree = "<group>"; };
		442D990E2B03A34F00A8CC5D /* GoogleService-Info.plist */ = {isa = PBXFileReference; fileEncoding = 4; lastKnownFileType = text.plist.xml; path = "GoogleService-Info.plist"; sourceTree = "<group>"; };
		442D99532B03BAFE00A8CC5D /* FirestoreUser.swift */ = {isa = PBXFileReference; lastKnownFileType = sourcecode.swift; path = FirestoreUser.swift; sourceTree = "<group>"; };
		442D99562B03BEA800A8CC5D /* FirestoreUserViewModel.swift */ = {isa = PBXFileReference; lastKnownFileType = sourcecode.swift; path = FirestoreUserViewModel.swift; sourceTree = "<group>"; };
		442D99592B03C29A00A8CC5D /* FirebaseManager.swift */ = {isa = PBXFileReference; lastKnownFileType = sourcecode.swift; path = FirebaseManager.swift; sourceTree = "<group>"; };
		4433FC572B0E0AD400E2FEEB /* MenuButton.swift */ = {isa = PBXFileReference; lastKnownFileType = sourcecode.swift; path = MenuButton.swift; sourceTree = "<group>"; };
		443784E52B0CB287005BAA41 /* RecipeViewModel.swift */ = {isa = PBXFileReference; lastKnownFileType = sourcecode.swift; path = RecipeViewModel.swift; sourceTree = "<group>"; };
		443784EB2B0CE183005BAA41 /* CategoryListViewModel.swift */ = {isa = PBXFileReference; lastKnownFileType = sourcecode.swift; path = CategoryListViewModel.swift; sourceTree = "<group>"; };
		443784ED2B0CEA0C005BAA41 /* RecipeDetailView.swift */ = {isa = PBXFileReference; lastKnownFileType = sourcecode.swift; path = RecipeDetailView.swift; sourceTree = "<group>"; };
		443784F12B0D0032005BAA41 /* RecipeForCategoryView.swift */ = {isa = PBXFileReference; lastKnownFileType = sourcecode.swift; path = RecipeForCategoryView.swift; sourceTree = "<group>"; };
		443784F32B0D2F14005BAA41 /* PizzaSizeEnum.swift */ = {isa = PBXFileReference; lastKnownFileType = sourcecode.swift; path = PizzaSizeEnum.swift; sourceTree = "<group>"; };
		443784F52B0D2F27005BAA41 /* SaladSizeEnum.swift */ = {isa = PBXFileReference; lastKnownFileType = sourcecode.swift; path = SaladSizeEnum.swift; sourceTree = "<group>"; };
		443784F72B0D37C3005BAA41 /* SizeButtons.swift */ = {isa = PBXFileReference; lastKnownFileType = sourcecode.swift; path = SizeButtons.swift; sourceTree = "<group>"; };
		443E98812B07928E00B72EC6 /* CategoryButton.swift */ = {isa = PBXFileReference; lastKnownFileType = sourcecode.swift; path = CategoryButton.swift; sourceTree = "<group>"; };
		443E98852B079AAB00B72EC6 /* AddRecipeSheet.swift */ = {isa = PBXFileReference; lastKnownFileType = sourcecode.swift; path = AddRecipeSheet.swift; sourceTree = "<group>"; };
		44C927262B0B8D4B00031B84 /* Recipe.swift */ = {isa = PBXFileReference; lastKnownFileType = sourcecode.swift; path = Recipe.swift; sourceTree = "<group>"; };
		44C927282B0B8FC600031B84 /* Step.swift */ = {isa = PBXFileReference; lastKnownFileType = sourcecode.swift; path = Step.swift; sourceTree = "<group>"; };
		44E529A22B04C77300E7DAD2 /* UserRoleEnum.swift */ = {isa = PBXFileReference; lastKnownFileType = sourcecode.swift; path = UserRoleEnum.swift; sourceTree = "<group>"; };
		44E529A42B04EE0B00E7DAD2 /* HomeView.swift */ = {isa = PBXFileReference; lastKnownFileType = sourcecode.swift; path = HomeView.swift; sourceTree = "<group>"; };
		44E529A62B04EE4D00E7DAD2 /* HomeViewModel.swift */ = {isa = PBXFileReference; lastKnownFileType = sourcecode.swift; path = HomeViewModel.swift; sourceTree = "<group>"; };
		44E529A82B05039400E7DAD2 /* MenuIconEnum.swift */ = {isa = PBXFileReference; lastKnownFileType = sourcecode.swift; path = MenuIconEnum.swift; sourceTree = "<group>"; };
		44E529AA2B05105800E7DAD2 /* FoodListView.swift */ = {isa = PBXFileReference; lastKnownFileType = sourcecode.swift; path = FoodListView.swift; sourceTree = "<group>"; };
		44E529AC2B05120600E7DAD2 /* CustomButton.swift */ = {isa = PBXFileReference; lastKnownFileType = sourcecode.swift; path = CustomButton.swift; sourceTree = "<group>"; };
/* End PBXFileReference section */

/* Begin PBXFrameworksBuildPhase section */
		442D98ED2B03827200A8CC5D /* Frameworks */ = {
			isa = PBXFrameworksBuildPhase;
			buildActionMask = 2147483647;
			files = (
				442D99462B03B68100A8CC5D /* FirebaseMessaging in Frameworks */,
				442D99362B03B68100A8CC5D /* FirebaseFirestoreCombine-Community in Frameworks */,
				442D992E2B03B68100A8CC5D /* FirebaseDatabase in Frameworks */,
				442D99162B03B31200A8CC5D /* FirebaseAnalyticsSwift in Frameworks */,
				442D994E2B03B68100A8CC5D /* FirebaseStorage in Frameworks */,
				442D99122B03B31200A8CC5D /* FirebaseAnalytics in Frameworks */,
				442D991C2B03B68100A8CC5D /* FirebaseAnalytics in Frameworks */,
				442D992C2B03B68100A8CC5D /* FirebaseCrashlytics in Frameworks */,
				442D99342B03B68100A8CC5D /* FirebaseFirestore in Frameworks */,
				442D99322B03B68100A8CC5D /* FirebaseDynamicLinks in Frameworks */,
				442D99502B03B68100A8CC5D /* FirebaseStorageCombine-Community in Frameworks */,
				442D991E2B03B68100A8CC5D /* FirebaseAnalyticsOnDeviceConversion in Frameworks */,
				442D993C2B03B68100A8CC5D /* FirebaseFunctionsCombine-Community in Frameworks */,
				442D99402B03B68100A8CC5D /* FirebaseInAppMessagingSwift-Beta in Frameworks */,
				442D99442B03B68100A8CC5D /* FirebaseMLModelDownloader in Frameworks */,
				442D993E2B03B68100A8CC5D /* FirebaseInAppMessaging-Beta in Frameworks */,
				442D99482B03B68100A8CC5D /* FirebasePerformance in Frameworks */,
				442D992A2B03B68100A8CC5D /* FirebaseAuthCombine-Community in Frameworks */,
				442D99202B03B68100A8CC5D /* FirebaseAnalyticsSwift in Frameworks */,
				442D99302B03B68100A8CC5D /* FirebaseDatabaseSwift in Frameworks */,
				442D99142B03B31200A8CC5D /* FirebaseAnalyticsOnDeviceConversion in Frameworks */,
				442D994A2B03B68100A8CC5D /* FirebaseRemoteConfig in Frameworks */,
				442D991A2B03B31200A8CC5D /* FirebaseAppCheck in Frameworks */,
				442D99282B03B68100A8CC5D /* FirebaseAuth in Frameworks */,
				442D993A2B03B68100A8CC5D /* FirebaseFunctions in Frameworks */,
				442D99422B03B68100A8CC5D /* FirebaseInstallations in Frameworks */,
				442D99382B03B68100A8CC5D /* FirebaseFirestoreSwift in Frameworks */,
				442D99222B03B68100A8CC5D /* FirebaseAnalyticsWithoutAdIdSupport in Frameworks */,
				442D99242B03B68100A8CC5D /* FirebaseAppCheck in Frameworks */,
				442D994C2B03B68100A8CC5D /* FirebaseRemoteConfigSwift in Frameworks */,
				442D99262B03B68100A8CC5D /* FirebaseAppDistribution-Beta in Frameworks */,
				442D99182B03B31200A8CC5D /* FirebaseAnalyticsWithoutAdIdSupport in Frameworks */,
			);
			runOnlyForDeploymentPostprocessing = 0;
		};
/* End PBXFrameworksBuildPhase section */

/* Begin PBXGroup section */
		442D98E72B03827200A8CC5D = {
			isa = PBXGroup;
			children = (
				442D98F22B03827200A8CC5D /* PizzaPasta */,
				442D98F12B03827200A8CC5D /* Products */,
			);
			sourceTree = "<group>";
		};
		442D98F12B03827200A8CC5D /* Products */ = {
			isa = PBXGroup;
			children = (
				442D98F02B03827200A8CC5D /* PizzaPasta.app */,
			);
			name = Products;
			sourceTree = "<group>";
		};
		442D98F22B03827200A8CC5D /* PizzaPasta */ = {
			isa = PBXGroup;
			children = (
				4433FC562B0E0ABF00E2FEEB /* Components */,
				442D98F32B03827200A8CC5D /* PizzaPastaApp.swift */,
				44E529A12B04C75800E7DAD2 /* Enum */,
				442D990E2B03A34F00A8CC5D /* GoogleService-Info.plist */,
				442D99582B03C26100A8CC5D /* Manager */,
				442D99512B03BAE200A8CC5D /* Models */,
				442D99042B03855D00A8CC5D /* Repositories */,
				442D99032B03854B00A8CC5D /* ViewModels */,
				442D99012B03853400A8CC5D /* Views */,
				442D98F72B03827300A8CC5D /* Assets.xcassets */,
				442D98F92B03827300A8CC5D /* Preview Content */,
			);
			path = PizzaPasta;
			sourceTree = "<group>";
		};
		442D98F92B03827300A8CC5D /* Preview Content */ = {
			isa = PBXGroup;
			children = (
				442D98FA2B03827300A8CC5D /* Preview Assets.xcassets */,
			);
			path = "Preview Content";
			sourceTree = "<group>";
		};
		442D99012B03853400A8CC5D /* Views */ = {
			isa = PBXGroup;
			children = (
				442D990D2B0385D100A8CC5D /* AuthenticationViews */,
				442D99022B03853E00A8CC5D /* Subviews */,
				44E529A42B04EE0B00E7DAD2 /* HomeView.swift */,
				443784ED2B0CEA0C005BAA41 /* RecipeDetailView.swift */,
				443784F12B0D0032005BAA41 /* RecipeForCategoryView.swift */,
			);
			path = Views;
			sourceTree = "<group>";
		};
		442D99022B03853E00A8CC5D /* Subviews */ = {
			isa = PBXGroup;
			children = (
				44E529AA2B05105800E7DAD2 /* FoodListView.swift */,
				44E529AC2B05120600E7DAD2 /* CustomButton.swift */,
				443E98812B07928E00B72EC6 /* CategoryButton.swift */,
				443E98852B079AAB00B72EC6 /* AddRecipeSheet.swift */,
				443784F72B0D37C3005BAA41 /* SizeButtons.swift */,
			);
			path = Subviews;
			sourceTree = "<group>";
		};
		442D99032B03854B00A8CC5D /* ViewModels */ = {
			isa = PBXGroup;
			children = (
				442D99552B03BDDE00A8CC5D /* UserViewModel */,
				44E529A62B04EE4D00E7DAD2 /* HomeViewModel.swift */,
			);
			path = ViewModels;
			sourceTree = "<group>";
		};
		442D99042B03855D00A8CC5D /* Repositories */ = {
			isa = PBXGroup;
			children = (
				442D99062B03857900A8CC5D /* FirestoreRepository */,
				442D99052B03856B00A8CC5D /* FirebaseRepository */,
			);
			path = Repositories;
			sourceTree = "<group>";
		};
		442D99052B03856B00A8CC5D /* FirebaseRepository */ = {
			isa = PBXGroup;
			children = (
			);
			path = FirebaseRepository;
			sourceTree = "<group>";
		};
		442D99062B03857900A8CC5D /* FirestoreRepository */ = {
			isa = PBXGroup;
			children = (
			);
			path = FirestoreRepository;
			sourceTree = "<group>";
		};
		442D990D2B0385D100A8CC5D /* AuthenticationViews */ = {
			isa = PBXGroup;
			children = (
				442D99092B0385AB00A8CC5D /* LoginView.swift */,
				442D99072B03859B00A8CC5D /* RegisterView.swift */,
			);
			path = AuthenticationViews;
			sourceTree = "<group>";
		};
		442D99512B03BAE200A8CC5D /* Models */ = {
			isa = PBXGroup;
			children = (
				442D99522B03BAEB00A8CC5D /* Firestore */,
			);
			path = Models;
			sourceTree = "<group>";
		};
		442D99522B03BAEB00A8CC5D /* Firestore */ = {
			isa = PBXGroup;
			children = (
				442D99532B03BAFE00A8CC5D /* FirestoreUser.swift */,
				44C927262B0B8D4B00031B84 /* Recipe.swift */,
				44C927282B0B8FC600031B84 /* Step.swift */,
			);
			path = Firestore;
			sourceTree = "<group>";
		};
		442D99552B03BDDE00A8CC5D /* UserViewModel */ = {
			isa = PBXGroup;
			children = (
				442D990B2B0385CB00A8CC5D /* AuthenticationViewModel.swift */,
				442D99562B03BEA800A8CC5D /* FirestoreUserViewModel.swift */,
				443784E52B0CB287005BAA41 /* RecipeViewModel.swift */,
				443784EB2B0CE183005BAA41 /* CategoryListViewModel.swift */,
			);
			path = UserViewModel;
			sourceTree = "<group>";
		};
		442D99582B03C26100A8CC5D /* Manager */ = {
			isa = PBXGroup;
			children = (
				442D99592B03C29A00A8CC5D /* FirebaseManager.swift */,
			);
			path = Manager;
			sourceTree = "<group>";
		};
		4433FC562B0E0ABF00E2FEEB /* Components */ = {
			isa = PBXGroup;
			children = (
				4433FC572B0E0AD400E2FEEB /* MenuButton.swift */,
			);
			path = Components;
			sourceTree = "<group>";
		};
		44E529A12B04C75800E7DAD2 /* Enum */ = {
			isa = PBXGroup;
			children = (
				44E529A22B04C77300E7DAD2 /* UserRoleEnum.swift */,
				44E529A82B05039400E7DAD2 /* MenuIconEnum.swift */,
				443784F32B0D2F14005BAA41 /* PizzaSizeEnum.swift */,
				443784F52B0D2F27005BAA41 /* SaladSizeEnum.swift */,
			);
			path = Enum;
			sourceTree = "<group>";
		};
/* End PBXGroup section */

/* Begin PBXNativeTarget section */
		442D98EF2B03827200A8CC5D /* PizzaPasta */ = {
			isa = PBXNativeTarget;
			buildConfigurationList = 442D98FE2B03827300A8CC5D /* Build configuration list for PBXNativeTarget "PizzaPasta" */;
			buildPhases = (
				442D98EC2B03827200A8CC5D /* Sources */,
				442D98ED2B03827200A8CC5D /* Frameworks */,
				442D98EE2B03827200A8CC5D /* Resources */,
			);
			buildRules = (
			);
			dependencies = (
			);
			name = PizzaPasta;
			packageProductDependencies = (
				442D99112B03B31200A8CC5D /* FirebaseAnalytics */,
				442D99132B03B31200A8CC5D /* FirebaseAnalyticsOnDeviceConversion */,
				442D99152B03B31200A8CC5D /* FirebaseAnalyticsSwift */,
				442D99172B03B31200A8CC5D /* FirebaseAnalyticsWithoutAdIdSupport */,
				442D99192B03B31200A8CC5D /* FirebaseAppCheck */,
				442D991B2B03B68100A8CC5D /* FirebaseAnalytics */,
				442D991D2B03B68100A8CC5D /* FirebaseAnalyticsOnDeviceConversion */,
				442D991F2B03B68100A8CC5D /* FirebaseAnalyticsSwift */,
				442D99212B03B68100A8CC5D /* FirebaseAnalyticsWithoutAdIdSupport */,
				442D99232B03B68100A8CC5D /* FirebaseAppCheck */,
				442D99252B03B68100A8CC5D /* FirebaseAppDistribution-Beta */,
				442D99272B03B68100A8CC5D /* FirebaseAuth */,
				442D99292B03B68100A8CC5D /* FirebaseAuthCombine-Community */,
				442D992B2B03B68100A8CC5D /* FirebaseCrashlytics */,
				442D992D2B03B68100A8CC5D /* FirebaseDatabase */,
				442D992F2B03B68100A8CC5D /* FirebaseDatabaseSwift */,
				442D99312B03B68100A8CC5D /* FirebaseDynamicLinks */,
				442D99332B03B68100A8CC5D /* FirebaseFirestore */,
				442D99352B03B68100A8CC5D /* FirebaseFirestoreCombine-Community */,
				442D99372B03B68100A8CC5D /* FirebaseFirestoreSwift */,
				442D99392B03B68100A8CC5D /* FirebaseFunctions */,
				442D993B2B03B68100A8CC5D /* FirebaseFunctionsCombine-Community */,
				442D993D2B03B68100A8CC5D /* FirebaseInAppMessaging-Beta */,
				442D993F2B03B68100A8CC5D /* FirebaseInAppMessagingSwift-Beta */,
				442D99412B03B68100A8CC5D /* FirebaseInstallations */,
				442D99432B03B68100A8CC5D /* FirebaseMLModelDownloader */,
				442D99452B03B68100A8CC5D /* FirebaseMessaging */,
				442D99472B03B68100A8CC5D /* FirebasePerformance */,
				442D99492B03B68100A8CC5D /* FirebaseRemoteConfig */,
				442D994B2B03B68100A8CC5D /* FirebaseRemoteConfigSwift */,
				442D994D2B03B68100A8CC5D /* FirebaseStorage */,
				442D994F2B03B68100A8CC5D /* FirebaseStorageCombine-Community */,
			);
			productName = PizzaPasta;
			productReference = 442D98F02B03827200A8CC5D /* PizzaPasta.app */;
			productType = "com.apple.product-type.application";
		};
/* End PBXNativeTarget section */

/* Begin PBXProject section */
		442D98E82B03827200A8CC5D /* Project object */ = {
			isa = PBXProject;
			attributes = {
				BuildIndependentTargetsInParallel = 1;
				LastSwiftUpdateCheck = 1500;
				LastUpgradeCheck = 1500;
				TargetAttributes = {
					442D98EF2B03827200A8CC5D = {
						CreatedOnToolsVersion = 15.0;
					};
				};
			};
			buildConfigurationList = 442D98EB2B03827200A8CC5D /* Build configuration list for PBXProject "PizzaPasta" */;
			compatibilityVersion = "Xcode 14.0";
			developmentRegion = en;
			hasScannedForEncodings = 0;
			knownRegions = (
				en,
				Base,
			);
			mainGroup = 442D98E72B03827200A8CC5D;
			packageReferences = (
				442D99102B03B31200A8CC5D /* XCRemoteSwiftPackageReference "firebase-ios-sdk" */,
			);
			productRefGroup = 442D98F12B03827200A8CC5D /* Products */;
			projectDirPath = "";
			projectRoot = "";
			targets = (
				442D98EF2B03827200A8CC5D /* PizzaPasta */,
			);
		};
/* End PBXProject section */

/* Begin PBXResourcesBuildPhase section */
		442D98EE2B03827200A8CC5D /* Resources */ = {
			isa = PBXResourcesBuildPhase;
			buildActionMask = 2147483647;
			files = (
				442D98FB2B03827300A8CC5D /* Preview Assets.xcassets in Resources */,
				442D98F82B03827300A8CC5D /* Assets.xcassets in Resources */,
				442D990F2B03A34F00A8CC5D /* GoogleService-Info.plist in Resources */,
			);
			runOnlyForDeploymentPostprocessing = 0;
		};
/* End PBXResourcesBuildPhase section */

/* Begin PBXSourcesBuildPhase section */
		442D98EC2B03827200A8CC5D /* Sources */ = {
			isa = PBXSourcesBuildPhase;
			buildActionMask = 2147483647;
			files = (
				44E529AD2B05120600E7DAD2 /* CustomButton.swift in Sources */,
				44E529AB2B05105800E7DAD2 /* FoodListView.swift in Sources */,
				44E529A52B04EE0B00E7DAD2 /* HomeView.swift in Sources */,
				442D99082B03859B00A8CC5D /* RegisterView.swift in Sources */,
				442D99542B03BAFE00A8CC5D /* FirestoreUser.swift in Sources */,
				44C927272B0B8D4B00031B84 /* Recipe.swift in Sources */,
				44E529A72B04EE4D00E7DAD2 /* HomeViewModel.swift in Sources */,
				443784EE2B0CEA0C005BAA41 /* RecipeDetailView.swift in Sources */,
				443E98822B07928E00B72EC6 /* CategoryButton.swift in Sources */,
				44E529A92B05039400E7DAD2 /* MenuIconEnum.swift in Sources */,
				442D995A2B03C29A00A8CC5D /* FirebaseManager.swift in Sources */,
				443E98862B079AAB00B72EC6 /* AddRecipeSheet.swift in Sources */,
				44C927292B0B8FC600031B84 /* Step.swift in Sources */,
				443784E62B0CB287005BAA41 /* RecipeViewModel.swift in Sources */,
				443784F42B0D2F14005BAA41 /* PizzaSizeEnum.swift in Sources */,
				44E529A32B04C77300E7DAD2 /* UserRoleEnum.swift in Sources */,
				442D990C2B0385CB00A8CC5D /* AuthenticationViewModel.swift in Sources */,
				443784EC2B0CE183005BAA41 /* CategoryListViewModel.swift in Sources */,
				443784F62B0D2F27005BAA41 /* SaladSizeEnum.swift in Sources */,
				442D990A2B0385AB00A8CC5D /* LoginView.swift in Sources */,
				442D98F42B03827200A8CC5D /* PizzaPastaApp.swift in Sources */,
				443784F22B0D0032005BAA41 /* RecipeForCategoryView.swift in Sources */,
				4433FC582B0E0AD400E2FEEB /* MenuButton.swift in Sources */,
				443784F82B0D37C3005BAA41 /* SizeButtons.swift in Sources */,
				442D99572B03BEA800A8CC5D /* FirestoreUserViewModel.swift in Sources */,
			);
			runOnlyForDeploymentPostprocessing = 0;
		};
/* End PBXSourcesBuildPhase section */

/* Begin XCBuildConfiguration section */
		442D98FC2B03827300A8CC5D /* Debug */ = {
			isa = XCBuildConfiguration;
			buildSettings = {
				ALWAYS_SEARCH_USER_PATHS = NO;
				ASSETCATALOG_COMPILER_GENERATE_SWIFT_ASSET_SYMBOL_EXTENSIONS = YES;
				CLANG_ANALYZER_NONNULL = YES;
				CLANG_ANALYZER_NUMBER_OBJECT_CONVERSION = YES_AGGRESSIVE;
				CLANG_CXX_LANGUAGE_STANDARD = "gnu++20";
				CLANG_ENABLE_MODULES = YES;
				CLANG_ENABLE_OBJC_ARC = YES;
				CLANG_ENABLE_OBJC_WEAK = YES;
				CLANG_WARN_BLOCK_CAPTURE_AUTORELEASING = YES;
				CLANG_WARN_BOOL_CONVERSION = YES;
				CLANG_WARN_COMMA = YES;
				CLANG_WARN_CONSTANT_CONVERSION = YES;
				CLANG_WARN_DEPRECATED_OBJC_IMPLEMENTATIONS = YES;
				CLANG_WARN_DIRECT_OBJC_ISA_USAGE = YES_ERROR;
				CLANG_WARN_DOCUMENTATION_COMMENTS = YES;
				CLANG_WARN_EMPTY_BODY = YES;
				CLANG_WARN_ENUM_CONVERSION = YES;
				CLANG_WARN_INFINITE_RECURSION = YES;
				CLANG_WARN_INT_CONVERSION = YES;
				CLANG_WARN_NON_LITERAL_NULL_CONVERSION = YES;
				CLANG_WARN_OBJC_IMPLICIT_RETAIN_SELF = YES;
				CLANG_WARN_OBJC_LITERAL_CONVERSION = YES;
				CLANG_WARN_OBJC_ROOT_CLASS = YES_ERROR;
				CLANG_WARN_QUOTED_INCLUDE_IN_FRAMEWORK_HEADER = YES;
				CLANG_WARN_RANGE_LOOP_ANALYSIS = YES;
				CLANG_WARN_STRICT_PROTOTYPES = YES;
				CLANG_WARN_SUSPICIOUS_MOVE = YES;
				CLANG_WARN_UNGUARDED_AVAILABILITY = YES_AGGRESSIVE;
				CLANG_WARN_UNREACHABLE_CODE = YES;
				CLANG_WARN__DUPLICATE_METHOD_MATCH = YES;
				COPY_PHASE_STRIP = NO;
				DEBUG_INFORMATION_FORMAT = dwarf;
				ENABLE_STRICT_OBJC_MSGSEND = YES;
				ENABLE_TESTABILITY = YES;
				ENABLE_USER_SCRIPT_SANDBOXING = YES;
				GCC_C_LANGUAGE_STANDARD = gnu17;
				GCC_DYNAMIC_NO_PIC = NO;
				GCC_NO_COMMON_BLOCKS = YES;
				GCC_OPTIMIZATION_LEVEL = 0;
				GCC_PREPROCESSOR_DEFINITIONS = (
					"DEBUG=1",
					"$(inherited)",
				);
				GCC_WARN_64_TO_32_BIT_CONVERSION = YES;
				GCC_WARN_ABOUT_RETURN_TYPE = YES_ERROR;
				GCC_WARN_UNDECLARED_SELECTOR = YES;
				GCC_WARN_UNINITIALIZED_AUTOS = YES_AGGRESSIVE;
				GCC_WARN_UNUSED_FUNCTION = YES;
				GCC_WARN_UNUSED_VARIABLE = YES;
				IPHONEOS_DEPLOYMENT_TARGET = 17.0;
				LOCALIZATION_PREFERS_STRING_CATALOGS = YES;
				MTL_ENABLE_DEBUG_INFO = INCLUDE_SOURCE;
				MTL_FAST_MATH = YES;
				ONLY_ACTIVE_ARCH = YES;
				SDKROOT = iphoneos;
				SWIFT_ACTIVE_COMPILATION_CONDITIONS = "DEBUG $(inherited)";
				SWIFT_OPTIMIZATION_LEVEL = "-Onone";
			};
			name = Debug;
		};
		442D98FD2B03827300A8CC5D /* Release */ = {
			isa = XCBuildConfiguration;
			buildSettings = {
				ALWAYS_SEARCH_USER_PATHS = NO;
				ASSETCATALOG_COMPILER_GENERATE_SWIFT_ASSET_SYMBOL_EXTENSIONS = YES;
				CLANG_ANALYZER_NONNULL = YES;
				CLANG_ANALYZER_NUMBER_OBJECT_CONVERSION = YES_AGGRESSIVE;
				CLANG_CXX_LANGUAGE_STANDARD = "gnu++20";
				CLANG_ENABLE_MODULES = YES;
				CLANG_ENABLE_OBJC_ARC = YES;
				CLANG_ENABLE_OBJC_WEAK = YES;
				CLANG_WARN_BLOCK_CAPTURE_AUTORELEASING = YES;
				CLANG_WARN_BOOL_CONVERSION = YES;
				CLANG_WARN_COMMA = YES;
				CLANG_WARN_CONSTANT_CONVERSION = YES;
				CLANG_WARN_DEPRECATED_OBJC_IMPLEMENTATIONS = YES;
				CLANG_WARN_DIRECT_OBJC_ISA_USAGE = YES_ERROR;
				CLANG_WARN_DOCUMENTATION_COMMENTS = YES;
				CLANG_WARN_EMPTY_BODY = YES;
				CLANG_WARN_ENUM_CONVERSION = YES;
				CLANG_WARN_INFINITE_RECURSION = YES;
				CLANG_WARN_INT_CONVERSION = YES;
				CLANG_WARN_NON_LITERAL_NULL_CONVERSION = YES;
				CLANG_WARN_OBJC_IMPLICIT_RETAIN_SELF = YES;
				CLANG_WARN_OBJC_LITERAL_CONVERSION = YES;
				CLANG_WARN_OBJC_ROOT_CLASS = YES_ERROR;
				CLANG_WARN_QUOTED_INCLUDE_IN_FRAMEWORK_HEADER = YES;
				CLANG_WARN_RANGE_LOOP_ANALYSIS = YES;
				CLANG_WARN_STRICT_PROTOTYPES = YES;
				CLANG_WARN_SUSPICIOUS_MOVE = YES;
				CLANG_WARN_UNGUARDED_AVAILABILITY = YES_AGGRESSIVE;
				CLANG_WARN_UNREACHABLE_CODE = YES;
				CLANG_WARN__DUPLICATE_METHOD_MATCH = YES;
				COPY_PHASE_STRIP = NO;
				DEBUG_INFORMATION_FORMAT = "dwarf-with-dsym";
				ENABLE_NS_ASSERTIONS = NO;
				ENABLE_STRICT_OBJC_MSGSEND = YES;
				ENABLE_USER_SCRIPT_SANDBOXING = YES;
				GCC_C_LANGUAGE_STANDARD = gnu17;
				GCC_NO_COMMON_BLOCKS = YES;
				GCC_WARN_64_TO_32_BIT_CONVERSION = YES;
				GCC_WARN_ABOUT_RETURN_TYPE = YES_ERROR;
				GCC_WARN_UNDECLARED_SELECTOR = YES;
				GCC_WARN_UNINITIALIZED_AUTOS = YES_AGGRESSIVE;
				GCC_WARN_UNUSED_FUNCTION = YES;
				GCC_WARN_UNUSED_VARIABLE = YES;
				IPHONEOS_DEPLOYMENT_TARGET = 17.0;
				LOCALIZATION_PREFERS_STRING_CATALOGS = YES;
				MTL_ENABLE_DEBUG_INFO = NO;
				MTL_FAST_MATH = YES;
				SDKROOT = iphoneos;
				SWIFT_COMPILATION_MODE = wholemodule;
				VALIDATE_PRODUCT = YES;
			};
			name = Release;
		};
		442D98FF2B03827300A8CC5D /* Debug */ = {
			isa = XCBuildConfiguration;
			buildSettings = {
				ASSETCATALOG_COMPILER_APPICON_NAME = AppIcon;
				ASSETCATALOG_COMPILER_GLOBAL_ACCENT_COLOR_NAME = AccentColor;
				CODE_SIGN_STYLE = Automatic;
				CURRENT_PROJECT_VERSION = 1;
				DEVELOPMENT_ASSET_PATHS = "\"PizzaPasta/Preview Content\"";
				ENABLE_PREVIEWS = YES;
				GENERATE_INFOPLIST_FILE = YES;
				INFOPLIST_KEY_UIApplicationSceneManifest_Generation = YES;
				INFOPLIST_KEY_UIApplicationSupportsIndirectInputEvents = YES;
				INFOPLIST_KEY_UILaunchScreen_Generation = YES;
				INFOPLIST_KEY_UISupportedInterfaceOrientations_iPad = "UIInterfaceOrientationPortrait UIInterfaceOrientationPortraitUpsideDown UIInterfaceOrientationLandscapeLeft UIInterfaceOrientationLandscapeRight";
				INFOPLIST_KEY_UISupportedInterfaceOrientations_iPhone = "UIInterfaceOrientationPortrait UIInterfaceOrientationLandscapeLeft UIInterfaceOrientationLandscapeRight";
				LD_RUNPATH_SEARCH_PATHS = (
					"$(inherited)",
					"@executable_path/Frameworks",
				);
				MARKETING_VERSION = 1.0;
				PRODUCT_BUNDLE_IDENTIFIER = com.ios..project.PizzaPasta;
				PRODUCT_NAME = "$(TARGET_NAME)";
				SWIFT_EMIT_LOC_STRINGS = YES;
				SWIFT_VERSION = 5.0;
				TARGETED_DEVICE_FAMILY = "1,2";
			};
			name = Debug;
		};
		442D99002B03827300A8CC5D /* Release */ = {
			isa = XCBuildConfiguration;
			buildSettings = {
				ASSETCATALOG_COMPILER_APPICON_NAME = AppIcon;
				ASSETCATALOG_COMPILER_GLOBAL_ACCENT_COLOR_NAME = AccentColor;
				CODE_SIGN_STYLE = Automatic;
				CURRENT_PROJECT_VERSION = 1;
				DEVELOPMENT_ASSET_PATHS = "\"PizzaPasta/Preview Content\"";
				ENABLE_PREVIEWS = YES;
				GENERATE_INFOPLIST_FILE = YES;
				INFOPLIST_KEY_UIApplicationSceneManifest_Generation = YES;
				INFOPLIST_KEY_UIApplicationSupportsIndirectInputEvents = YES;
				INFOPLIST_KEY_UILaunchScreen_Generation = YES;
				INFOPLIST_KEY_UISupportedInterfaceOrientations_iPad = "UIInterfaceOrientationPortrait UIInterfaceOrientationPortraitUpsideDown UIInterfaceOrientationLandscapeLeft UIInterfaceOrientationLandscapeRight";
				INFOPLIST_KEY_UISupportedInterfaceOrientations_iPhone = "UIInterfaceOrientationPortrait UIInterfaceOrientationLandscapeLeft UIInterfaceOrientationLandscapeRight";
				LD_RUNPATH_SEARCH_PATHS = (
					"$(inherited)",
					"@executable_path/Frameworks",
				);
				MARKETING_VERSION = 1.0;
				PRODUCT_BUNDLE_IDENTIFIER = com.ios..project.PizzaPasta;
				PRODUCT_NAME = "$(TARGET_NAME)";
				SWIFT_EMIT_LOC_STRINGS = YES;
				SWIFT_VERSION = 5.0;
				TARGETED_DEVICE_FAMILY = "1,2";
			};
			name = Release;
		};
/* End XCBuildConfiguration section */

/* Begin XCConfigurationList section */
		442D98EB2B03827200A8CC5D /* Build configuration list for PBXProject "PizzaPasta" */ = {
			isa = XCConfigurationList;
			buildConfigurations = (
				442D98FC2B03827300A8CC5D /* Debug */,
				442D98FD2B03827300A8CC5D /* Release */,
			);
			defaultConfigurationIsVisible = 0;
			defaultConfigurationName = Release;
		};
		442D98FE2B03827300A8CC5D /* Build configuration list for PBXNativeTarget "PizzaPasta" */ = {
			isa = XCConfigurationList;
			buildConfigurations = (
				442D98FF2B03827300A8CC5D /* Debug */,
				442D99002B03827300A8CC5D /* Release */,
			);
			defaultConfigurationIsVisible = 0;
			defaultConfigurationName = Release;
		};
/* End XCConfigurationList section */

/* Begin XCRemoteSwiftPackageReference section */
		442D99102B03B31200A8CC5D /* XCRemoteSwiftPackageReference "firebase-ios-sdk" */ = {
			isa = XCRemoteSwiftPackageReference;
			repositoryURL = "https://github.com/firebase/firebase-ios-sdk";
			requirement = {
				kind = upToNextMajorVersion;
				minimumVersion = 10.17.0;
			};
		};
/* End XCRemoteSwiftPackageReference section */

/* Begin XCSwiftPackageProductDependency section */
		442D99112B03B31200A8CC5D /* FirebaseAnalytics */ = {
			isa = XCSwiftPackageProductDependency;
			package = 442D99102B03B31200A8CC5D /* XCRemoteSwiftPackageReference "firebase-ios-sdk" */;
			productName = FirebaseAnalytics;
		};
		442D99132B03B31200A8CC5D /* FirebaseAnalyticsOnDeviceConversion */ = {
			isa = XCSwiftPackageProductDependency;
			package = 442D99102B03B31200A8CC5D /* XCRemoteSwiftPackageReference "firebase-ios-sdk" */;
			productName = FirebaseAnalyticsOnDeviceConversion;
		};
		442D99152B03B31200A8CC5D /* FirebaseAnalyticsSwift */ = {
			isa = XCSwiftPackageProductDependency;
			package = 442D99102B03B31200A8CC5D /* XCRemoteSwiftPackageReference "firebase-ios-sdk" */;
			productName = FirebaseAnalyticsSwift;
		};
		442D99172B03B31200A8CC5D /* FirebaseAnalyticsWithoutAdIdSupport */ = {
			isa = XCSwiftPackageProductDependency;
			package = 442D99102B03B31200A8CC5D /* XCRemoteSwiftPackageReference "firebase-ios-sdk" */;
			productName = FirebaseAnalyticsWithoutAdIdSupport;
		};
		442D99192B03B31200A8CC5D /* FirebaseAppCheck */ = {
			isa = XCSwiftPackageProductDependency;
			package = 442D99102B03B31200A8CC5D /* XCRemoteSwiftPackageReference "firebase-ios-sdk" */;
			productName = FirebaseAppCheck;
		};
		442D991B2B03B68100A8CC5D /* FirebaseAnalytics */ = {
			isa = XCSwiftPackageProductDependency;
			package = 442D99102B03B31200A8CC5D /* XCRemoteSwiftPackageReference "firebase-ios-sdk" */;
			productName = FirebaseAnalytics;
		};
		442D991D2B03B68100A8CC5D /* FirebaseAnalyticsOnDeviceConversion */ = {
			isa = XCSwiftPackageProductDependency;
			package = 442D99102B03B31200A8CC5D /* XCRemoteSwiftPackageReference "firebase-ios-sdk" */;
			productName = FirebaseAnalyticsOnDeviceConversion;
		};
		442D991F2B03B68100A8CC5D /* FirebaseAnalyticsSwift */ = {
			isa = XCSwiftPackageProductDependency;
			package = 442D99102B03B31200A8CC5D /* XCRemoteSwiftPackageReference "firebase-ios-sdk" */;
			productName = FirebaseAnalyticsSwift;
		};
		442D99212B03B68100A8CC5D /* FirebaseAnalyticsWithoutAdIdSupport */ = {
			isa = XCSwiftPackageProductDependency;
			package = 442D99102B03B31200A8CC5D /* XCRemoteSwiftPackageReference "firebase-ios-sdk" */;
			productName = FirebaseAnalyticsWithoutAdIdSupport;
		};
		442D99232B03B68100A8CC5D /* FirebaseAppCheck */ = {
			isa = XCSwiftPackageProductDependency;
			package = 442D99102B03B31200A8CC5D /* XCRemoteSwiftPackageReference "firebase-ios-sdk" */;
			productName = FirebaseAppCheck;
		};
		442D99252B03B68100A8CC5D /* FirebaseAppDistribution-Beta */ = {
			isa = XCSwiftPackageProductDependency;
			package = 442D99102B03B31200A8CC5D /* XCRemoteSwiftPackageReference "firebase-ios-sdk" */;
			productName = "FirebaseAppDistribution-Beta";
		};
		442D99272B03B68100A8CC5D /* FirebaseAuth */ = {
			isa = XCSwiftPackageProductDependency;
			package = 442D99102B03B31200A8CC5D /* XCRemoteSwiftPackageReference "firebase-ios-sdk" */;
			productName = FirebaseAuth;
		};
		442D99292B03B68100A8CC5D /* FirebaseAuthCombine-Community */ = {
			isa = XCSwiftPackageProductDependency;
			package = 442D99102B03B31200A8CC5D /* XCRemoteSwiftPackageReference "firebase-ios-sdk" */;
			productName = "FirebaseAuthCombine-Community";
		};
		442D992B2B03B68100A8CC5D /* FirebaseCrashlytics */ = {
			isa = XCSwiftPackageProductDependency;
			package = 442D99102B03B31200A8CC5D /* XCRemoteSwiftPackageReference "firebase-ios-sdk" */;
			productName = FirebaseCrashlytics;
		};
		442D992D2B03B68100A8CC5D /* FirebaseDatabase */ = {
			isa = XCSwiftPackageProductDependency;
			package = 442D99102B03B31200A8CC5D /* XCRemoteSwiftPackageReference "firebase-ios-sdk" */;
			productName = FirebaseDatabase;
		};
		442D992F2B03B68100A8CC5D /* FirebaseDatabaseSwift */ = {
			isa = XCSwiftPackageProductDependency;
			package = 442D99102B03B31200A8CC5D /* XCRemoteSwiftPackageReference "firebase-ios-sdk" */;
			productName = FirebaseDatabaseSwift;
		};
		442D99312B03B68100A8CC5D /* FirebaseDynamicLinks */ = {
			isa = XCSwiftPackageProductDependency;
			package = 442D99102B03B31200A8CC5D /* XCRemoteSwiftPackageReference "firebase-ios-sdk" */;
			productName = FirebaseDynamicLinks;
		};
		442D99332B03B68100A8CC5D /* FirebaseFirestore */ = {
			isa = XCSwiftPackageProductDependency;
			package = 442D99102B03B31200A8CC5D /* XCRemoteSwiftPackageReference "firebase-ios-sdk" */;
			productName = FirebaseFirestore;
		};
		442D99352B03B68100A8CC5D /* FirebaseFirestoreCombine-Community */ = {
			isa = XCSwiftPackageProductDependency;
			package = 442D99102B03B31200A8CC5D /* XCRemoteSwiftPackageReference "firebase-ios-sdk" */;
			productName = "FirebaseFirestoreCombine-Community";
		};
		442D99372B03B68100A8CC5D /* FirebaseFirestoreSwift */ = {
			isa = XCSwiftPackageProductDependency;
			package = 442D99102B03B31200A8CC5D /* XCRemoteSwiftPackageReference "firebase-ios-sdk" */;
			productName = FirebaseFirestoreSwift;
		};
		442D99392B03B68100A8CC5D /* FirebaseFunctions */ = {
			isa = XCSwiftPackageProductDependency;
			package = 442D99102B03B31200A8CC5D /* XCRemoteSwiftPackageReference "firebase-ios-sdk" */;
			productName = FirebaseFunctions;
		};
		442D993B2B03B68100A8CC5D /* FirebaseFunctionsCombine-Community */ = {
			isa = XCSwiftPackageProductDependency;
			package = 442D99102B03B31200A8CC5D /* XCRemoteSwiftPackageReference "firebase-ios-sdk" */;
			productName = "FirebaseFunctionsCombine-Community";
		};
		442D993D2B03B68100A8CC5D /* FirebaseInAppMessaging-Beta */ = {
			isa = XCSwiftPackageProductDependency;
			package = 442D99102B03B31200A8CC5D /* XCRemoteSwiftPackageReference "firebase-ios-sdk" */;
			productName = "FirebaseInAppMessaging-Beta";
		};
		442D993F2B03B68100A8CC5D /* FirebaseInAppMessagingSwift-Beta */ = {
			isa = XCSwiftPackageProductDependency;
			package = 442D99102B03B31200A8CC5D /* XCRemoteSwiftPackageReference "firebase-ios-sdk" */;
			productName = "FirebaseInAppMessagingSwift-Beta";
		};
		442D99412B03B68100A8CC5D /* FirebaseInstallations */ = {
			isa = XCSwiftPackageProductDependency;
			package = 442D99102B03B31200A8CC5D /* XCRemoteSwiftPackageReference "firebase-ios-sdk" */;
			productName = FirebaseInstallations;
		};
		442D99432B03B68100A8CC5D /* FirebaseMLModelDownloader */ = {
			isa = XCSwiftPackageProductDependency;
			package = 442D99102B03B31200A8CC5D /* XCRemoteSwiftPackageReference "firebase-ios-sdk" */;
			productName = FirebaseMLModelDownloader;
		};
		442D99452B03B68100A8CC5D /* FirebaseMessaging */ = {
			isa = XCSwiftPackageProductDependency;
			package = 442D99102B03B31200A8CC5D /* XCRemoteSwiftPackageReference "firebase-ios-sdk" */;
			productName = FirebaseMessaging;
		};
		442D99472B03B68100A8CC5D /* FirebasePerformance */ = {
			isa = XCSwiftPackageProductDependency;
			package = 442D99102B03B31200A8CC5D /* XCRemoteSwiftPackageReference "firebase-ios-sdk" */;
			productName = FirebasePerformance;
		};
		442D99492B03B68100A8CC5D /* FirebaseRemoteConfig */ = {
			isa = XCSwiftPackageProductDependency;
			package = 442D99102B03B31200A8CC5D /* XCRemoteSwiftPackageReference "firebase-ios-sdk" */;
			productName = FirebaseRemoteConfig;
		};
		442D994B2B03B68100A8CC5D /* FirebaseRemoteConfigSwift */ = {
			isa = XCSwiftPackageProductDependency;
			package = 442D99102B03B31200A8CC5D /* XCRemoteSwiftPackageReference "firebase-ios-sdk" */;
			productName = FirebaseRemoteConfigSwift;
		};
		442D994D2B03B68100A8CC5D /* FirebaseStorage */ = {
			isa = XCSwiftPackageProductDependency;
			package = 442D99102B03B31200A8CC5D /* XCRemoteSwiftPackageReference "firebase-ios-sdk" */;
			productName = FirebaseStorage;
		};
		442D994F2B03B68100A8CC5D /* FirebaseStorageCombine-Community */ = {
			isa = XCSwiftPackageProductDependency;
			package = 442D99102B03B31200A8CC5D /* XCRemoteSwiftPackageReference "firebase-ios-sdk" */;
			productName = "FirebaseStorageCombine-Community";
		};
/* End XCSwiftPackageProductDependency section */
	};
	rootObject = 442D98E82B03827200A8CC5D /* Project object */;
}
